
Microsoft Visual Studio Solution File, Format Version 12.00
# Visual Studio 2012
Project("{8BC9CEB8-8B4A-11D0-8D11-00A0C91BC942}") = "webServer_cpp", "webServer_cpp\webServer_cpp.vcxproj", "{69C4DB2F-2FF8-4791-9B16-005100CDA482}"
EndProject
Global
	GlobalSection(SolutionConfigurationPlatforms) = preSolution
		Debug|Win32 = Debug|Win32
		Release|Win32 = Release|Win32
	EndGlobalSection
	GlobalSection(ProjectConfigurationPlatforms) = postSolution
		{69C4DB2F-2FF8-4791-9B16-005100CDA482}.Debug|Win32.ActiveCfg = Debug|Win32
		{69C4DB2F-2FF8-4791-9B16-005100CDA482}.Debug|Win32.Build.0 = Debug|Win32
		{69C4DB2F-2FF8-4791-9B16-005100CDA482}.Release|Win32.ActiveCfg = Release|Win32
		{69C4DB2F-2FF8-4791-9B16-005100CDA482}.Release|Win32.Build.0 = Release|Win32
	EndGlobalSection
	GlobalSection(SolutionProperties) = preSolution
		HideSolutionNode = FALSE
	EndGlobalSection
EndGlobal
